
Microsoft Visual Studio Solution File, Format Version 12.00
# Visual Studio 15
VisualStudioVersion = 15.0.28010.2048
MinimumVisualStudioVersion = 10.0.40219.1
Project("{FAE04EC0-301F-11D3-BF4B-00C04F79EFBC}") = "AzureFunctions", "AzureFunctions\AzureFunctions.csproj", "{D46ACCAB-9456-4668-8B5B-2AAA2A55DE6A}"
EndProject
Global
	GlobalSection(SolutionConfigurationPlatforms) = preSolution
		Debug|Any CPU = Debug|Any CPU
		Release|Any CPU = Release|Any CPU
	EndGlobalSection
	GlobalSection(ProjectConfigurationPlatforms) = postSolution
		{D46ACCAB-9456-4668-8B5B-2AAA2A55DE6A}.Debug|Any CPU.ActiveCfg = Debug|Any CPU
		{D46ACCAB-9456-4668-8B5B-2AAA2A55DE6A}.Debug|Any CPU.Build.0 = Debug|Any CPU
		{D46ACCAB-9456-4668-8B5B-2AAA2A55DE6A}.Release|Any CPU.ActiveCfg = Release|Any CPU
		{D46ACCAB-9456-4668-8B5B-2AAA2A55DE6A}.Release|Any CPU.Build.0 = Release|Any CPU
	EndGlobalSection
	GlobalSection(SolutionProperties) = preSolution
		HideSolutionNode = FALSE
	EndGlobalSection
	GlobalSection(ExtensibilityGlobals) = postSolution
		SolutionGuid = {514EB222-DDDE-4C8F-8918-9D5FE4F8E82D}
	EndGlobalSection
EndGlobal
